
Microsoft Visual Studio Solution File, Format Version 12.00
# Visual Studio 14
VisualStudioVersion = 14.0.25420.1
MinimumVisualStudioVersion = 10.0.40219.1
Project("{2150E333-8FDC-42A3-9474-1A3956D46DE8}") = "Gen", "Gen", "{B8F5C5DA-B656-43D4-BE4A-1C5E9FAC8429}"
EndProject
Project("{8BC9CEB8-8B4A-11D0-8D11-00A0C91BC942}") = "EXRViewer", "EXRViewer\EXRViewer.vcxproj", "{0B6962D1-697C-4270-BE0F-7735DDA801A4}"
EndProject
Project("{8BC9CEB8-8B4A-11D0-8D11-00A0C91BC942}") = "zlib", "projects\zlib.vcxproj", "{F1A26C5D-2D96-4E02-A882-154C87B5B6C4}"
EndProject
Project("{8BC9CEB8-8B4A-11D0-8D11-00A0C91BC942}") = "IlmImf", "projects\IlmImf.vcxproj", "{0FA4C6B0-DB49-4009-B839-D1B0A7C1C4CF}"
EndProject
Project("{8BC9CEB8-8B4A-11D0-8D11-00A0C91BC942}") = "Half", "projects\Half.vcxproj", "{F55D66D3-DC3B-4BB8-9227-50A31EB3A043}"
EndProject
Project("{8BC9CEB8-8B4A-11D0-8D11-00A0C91BC942}") = "Iex", "projects\Iex.vcxproj", "{526E0A02-CF0B-4714-B73A-907F81936501}"
EndProject
Project("{8BC9CEB8-8B4A-11D0-8D11-00A0C91BC942}") = "IlmThread", "projects\IlmThread.vcxproj", "{6B72DCB1-089B-417C-BAEE-BEF09D156E73}"
EndProject
Project("{8BC9CEB8-8B4A-11D0-8D11-00A0C91BC942}") = "Imath", "projects\Imath.vcxproj", "{891B0C33-5847-43F2-93BC-5D6EE17275C8}"
EndProject
Project("{8BC9CEB8-8B4A-11D0-8D11-00A0C91BC942}") = "eLut", "projects\gen\IlmBase\eLut\eLut.vcxproj", "{CBFC56E2-7DFE-4C09-8065-47C2A85AF11A}"
EndProject
Project("{8BC9CEB8-8B4A-11D0-8D11-00A0C91BC942}") = "toFloat", "projects\gen\IlmBase\toFloat\toFloat.vcxproj", "{CBB505FB-66C9-4BA5-9B3B-59535DD744E4}"
EndProject
Project("{8BC9CEB8-8B4A-11D0-8D11-00A0C91BC942}") = "b44ExpLogTable", "projects\gen\OpenEXR\b44ExpLogTable\b44ExpLogTable.vcxproj", "{DC25FE7C-1CF8-4852-97B2-CE4BD74256B4}"
EndProject
Project("{8BC9CEB8-8B4A-11D0-8D11-00A0C91BC942}") = "dwaLookups", "projects\gen\OpenEXR\dwaLookups\dwaLookups.vcxproj", "{82175D5C-6F1B-4AC0-A0DF-97F049070F7B}"
EndProject
Global
	GlobalSection(SolutionConfigurationPlatforms) = preSolution
		Debug|x64 = Debug|x64
		Debug|x86 = Debug|x86
		Release|x64 = Release|x64
		Release|x86 = Release|x86
	EndGlobalSection
	GlobalSection(ProjectConfigurationPlatforms) = postSolution
		{0B6962D1-697C-4270-BE0F-7735DDA801A4}.Debug|x64.ActiveCfg = Debug|x64
		{0B6962D1-697C-4270-BE0F-7735DDA801A4}.Debug|x64.Build.0 = Debug|x64
		{0B6962D1-697C-4270-BE0F-7735DDA801A4}.Debug|x86.ActiveCfg = Debug|Win32
		{0B6962D1-697C-4270-BE0F-7735DDA801A4}.Debug|x86.Build.0 = Debug|Win32
		{0B6962D1-697C-4270-BE0F-7735DDA801A4}.Release|x64.ActiveCfg = Release|x64
		{0B6962D1-697C-4270-BE0F-7735DDA801A4}.Release|x64.Build.0 = Release|x64
		{0B6962D1-697C-4270-BE0F-7735DDA801A4}.Release|x86.ActiveCfg = Release|Win32
		{0B6962D1-697C-4270-BE0F-7735DDA801A4}.Release|x86.Build.0 = Release|Win32
		{F1A26C5D-2D96-4E02-A882-154C87B5B6C4}.Debug|x64.ActiveCfg = Debug|x64
		{F1A26C5D-2D96-4E02-A882-154C87B5B6C4}.Debug|x64.Build.0 = Debug|x64
		{F1A26C5D-2D96-4E02-A882-154C87B5B6C4}.Debug|x86.ActiveCfg = Debug|Win32
		{F1A26C5D-2D96-4E02-A882-154C87B5B6C4}.Debug|x86.Build.0 = Debug|Win32
		{F1A26C5D-2D96-4E02-A882-154C87B5B6C4}.Release|x64.ActiveCfg = Release|x64
		{F1A26C5D-2D96-4E02-A882-154C87B5B6C4}.Release|x64.Build.0 = Release|x64
		{F1A26C5D-2D96-4E02-A882-154C87B5B6C4}.Release|x86.ActiveCfg = Release|Win32
		{F1A26C5D-2D96-4E02-A882-154C87B5B6C4}.Release|x86.Build.0 = Release|Win32
		{0FA4C6B0-DB49-4009-B839-D1B0A7C1C4CF}.Debug|x64.ActiveCfg = Debug|x64
		{0FA4C6B0-DB49-4009-B839-D1B0A7C1C4CF}.Debug|x64.Build.0 = Debug|x64
		{0FA4C6B0-DB49-4009-B839-D1B0A7C1C4CF}.Debug|x86.ActiveCfg = Debug|Win32
		{0FA4C6B0-DB49-4009-B839-D1B0A7C1C4CF}.Debug|x86.Build.0 = Debug|Win32
		{0FA4C6B0-DB49-4009-B839-D1B0A7C1C4CF}.Release|x64.ActiveCfg = Release|x64
		{0FA4C6B0-DB49-4009-B839-D1B0A7C1C4CF}.Release|x64.Build.0 = Release|x64
		{0FA4C6B0-DB49-4009-B839-D1B0A7C1C4CF}.Release|x86.ActiveCfg = Release|Win32
		{0FA4C6B0-DB49-4009-B839-D1B0A7C1C4CF}.Release|x86.Build.0 = Release|Win32
		{F55D66D3-DC3B-4BB8-9227-50A31EB3A043}.Debug|x64.ActiveCfg = Debug|x64
		{F55D66D3-DC3B-4BB8-9227-50A31EB3A043}.Debug|x64.Build.0 = Debug|x64
		{F55D66D3-DC3B-4BB8-9227-50A31EB3A043}.Debug|x86.ActiveCfg = Debug|Win32
		{F55D66D3-DC3B-4BB8-9227-50A31EB3A043}.Debug|x86.Build.0 = Debug|Win32
		{F55D66D3-DC3B-4BB8-9227-50A31EB3A043}.Release|x64.ActiveCfg = Release|x64
		{F55D66D3-DC3B-4BB8-9227-50A31EB3A043}.Release|x64.Build.0 = Release|x64
		{F55D66D3-DC3B-4BB8-9227-50A31EB3A043}.Release|x86.ActiveCfg = Release|Win32
		{F55D66D3-DC3B-4BB8-9227-50A31EB3A043}.Release|x86.Build.0 = Release|Win32
		{526E0A02-CF0B-4714-B73A-907F81936501}.Debug|x64.ActiveCfg = Debug|x64
		{526E0A02-CF0B-4714-B73A-907F81936501}.Debug|x64.Build.0 = Debug|x64
		{526E0A02-CF0B-4714-B73A-907F81936501}.Debug|x86.ActiveCfg = Debug|Win32
		{526E0A02-CF0B-4714-B73A-907F81936501}.Debug|x86.Build.0 = Debug|Win32
		{526E0A02-CF0B-4714-B73A-907F81936501}.Release|x64.ActiveCfg = Release|x64
		{526E0A02-CF0B-4714-B73A-907F81936501}.Release|x64.Build.0 = Release|x64
		{526E0A02-CF0B-4714-B73A-907F81936501}.Release|x86.ActiveCfg = Release|Win32
		{526E0A02-CF0B-4714-B73A-907F81936501}.Release|x86.Build.0 = Release|Win32
		{6B72DCB1-089B-417C-BAEE-BEF09D156E73}.Debug|x64.ActiveCfg = Debug|x64
		{6B72DCB1-089B-417C-BAEE-BEF09D156E73}.Debug|x64.Build.0 = Debug|x64
		{6B72DCB1-089B-417C-BAEE-BEF09D156E73}.Debug|x86.ActiveCfg = Debug|Win32
		{6B72DCB1-089B-417C-BAEE-BEF09D156E73}.Debug|x86.Build.0 = Debug|Win32
		{6B72DCB1-089B-417C-BAEE-BEF09D156E73}.Release|x64.ActiveCfg = Release|x64
		{6B72DCB1-089B-417C-BAEE-BEF09D156E73}.Release|x64.Build.0 = Release|x64
		{6B72DCB1-089B-417C-BAEE-BEF09D156E73}.Release|x86.ActiveCfg = Release|Win32
		{6B72DCB1-089B-417C-BAEE-BEF09D156E73}.Release|x86.Build.0 = Release|Win32
		{891B0C33-5847-43F2-93BC-5D6EE17275C8}.Debug|x64.ActiveCfg = Debug|x64
		{891B0C33-5847-43F2-93BC-5D6EE17275C8}.Debug|x64.Build.0 = Debug|x64
		{891B0C33-5847-43F2-93BC-5D6EE17275C8}.Debug|x86.ActiveCfg = Debug|Win32
		{891B0C33-5847-43F2-93BC-5D6EE17275C8}.Debug|x86.Build.0 = Debug|Win32
		{891B0C33-5847-43F2-93BC-5D6EE17275C8}.Release|x64.ActiveCfg = Release|x64
		{891B0C33-5847-43F2-93BC-5D6EE17275C8}.Release|x64.Build.0 = Release|x64
		{891B0C33-5847-43F2-93BC-5D6EE17275C8}.Release|x86.ActiveCfg = Release|Win32
		{891B0C33-5847-43F2-93BC-5D6EE17275C8}.Release|x86.Build.0 = Release|Win32
		{CBFC56E2-7DFE-4C09-8065-47C2A85AF11A}.Debug|x64.ActiveCfg = Debug|x64
		{CBFC56E2-7DFE-4C09-8065-47C2A85AF11A}.Debug|x64.Build.0 = Debug|x64
		{CBFC56E2-7DFE-4C09-8065-47C2A85AF11A}.Debug|x86.ActiveCfg = Debug|Win32
		{CBFC56E2-7DFE-4C09-8065-47C2A85AF11A}.Debug|x86.Build.0 = Debug|Win32
		{CBFC56E2-7DFE-4C09-8065-47C2A85AF11A}.Release|x64.ActiveCfg = Release|x64
		{CBFC56E2-7DFE-4C09-8065-47C2A85AF11A}.Release|x64.Build.0 = Release|x64
		{CBFC56E2-7DFE-4C09-8065-47C2A85AF11A}.Release|x86.ActiveCfg = Release|Win32
		{CBFC56E2-7DFE-4C09-8065-47C2A85AF11A}.Release|x86.Build.0 = Release|Win32
		{CBB505FB-66C9-4BA5-9B3B-59535DD744E4}.Debug|x64.ActiveCfg = Debug|x64
		{CBB505FB-66C9-4BA5-9B3B-59535DD744E4}.Debug|x64.Build.0 = Debug|x64
		{CBB505FB-66C9-4BA5-9B3B-59535DD744E4}.Debug|x86.ActiveCfg = Debug|Win32
		{CBB505FB-66C9-4BA5-9B3B-59535DD744E4}.Debug|x86.Build.0 = Debug|Win32
		{CBB505FB-66C9-4BA5-9B3B-59535DD744E4}.Release|x64.ActiveCfg = Release|x64
		{CBB505FB-66C9-4BA5-9B3B-59535DD744E4}.Release|x64.Build.0 = Release|x64
		{CBB505FB-66C9-4BA5-9B3B-59535DD744E4}.Release|x86.ActiveCfg = Release|Win32
		{CBB505FB-66C9-4BA5-9B3B-59535DD744E4}.Release|x86.Build.0 = Release|Win32
		{DC25FE7C-1CF8-4852-97B2-CE4BD74256B4}.Debug|x64.ActiveCfg = Debug|x64
		{DC25FE7C-1CF8-4852-97B2-CE4BD74256B4}.Debug|x64.Build.0 = Debug|x64
		{DC25FE7C-1CF8-4852-97B2-CE4BD74256B4}.Debug|x86.ActiveCfg = Debug|Win32
		{DC25FE7C-1CF8-4852-97B2-CE4BD74256B4}.Debug|x86.Build.0 = Debug|Win32
		{DC25FE7C-1CF8-4852-97B2-CE4BD74256B4}.Release|x64.ActiveCfg = Release|x64
		{DC25FE7C-1CF8-4852-97B2-CE4BD74256B4}.Release|x64.Build.0 = Release|x64
		{DC25FE7C-1CF8-4852-97B2-CE4BD74256B4}.Release|x86.ActiveCfg = Release|Win32
		{DC25FE7C-1CF8-4852-97B2-CE4BD74256B4}.Release|x86.Build.0 = Release|Win32
		{82175D5C-6F1B-4AC0-A0DF-97F049070F7B}.Debug|x64.ActiveCfg = Debug|x64
		{82175D5C-6F1B-4AC0-A0DF-97F049070F7B}.Debug|x64.Build.0 = Debug|x64
		{82175D5C-6F1B-4AC0-A0DF-97F049070F7B}.Debug|x86.ActiveCfg = Debug|Win32
		{82175D5C-6F1B-4AC0-A0DF-97F049070F7B}.Debug|x86.Build.0 = Debug|Win32
		{82175D5C-6F1B-4AC0-A0DF-97F049070F7B}.Release|x64.ActiveCfg = Release|x64
		{82175D5C-6F1B-4AC0-A0DF-97F049070F7B}.Release|x64.Build.0 = Release|x64
		{82175D5C-6F1B-4AC0-A0DF-97F049070F7B}.Release|x86.ActiveCfg = Release|Win32
		{82175D5C-6F1B-4AC0-A0DF-97F049070F7B}.Release|x86.Build.0 = Release|Win32
	EndGlobalSection
	GlobalSection(SolutionProperties) = preSolution
		HideSolutionNode = FALSE
	EndGlobalSection
	GlobalSection(NestedProjects) = preSolution
		{CBFC56E2-7DFE-4C09-8065-47C2A85AF11A} = {B8F5C5DA-B656-43D4-BE4A-1C5E9FAC8429}
		{CBB505FB-66C9-4BA5-9B3B-59535DD744E4} = {B8F5C5DA-B656-43D4-BE4A-1C5E9FAC8429}
		{DC25FE7C-1CF8-4852-97B2-CE4BD74256B4} = {B8F5C5DA-B656-43D4-BE4A-1C5E9FAC8429}
		{82175D5C-6F1B-4AC0-A0DF-97F049070F7B} = {B8F5C5DA-B656-43D4-BE4A-1C5E9FAC8429}
	EndGlobalSection
EndGlobal
